
Microsoft Visual Studio Solution File, Format Version 12.00
# Visual Studio 14
VisualStudioVersion = 14.0.22823.1
MinimumVisualStudioVersion = 10.0.40219.1
Project("{FAE04EC0-301F-11D3-BF4B-00C04F79EFBC}") = "AboriginalHeroes.UI", "AboriginalHeroes.UI\AboriginalHeroes.UI.csproj", "{6E79DB61-932E-4A94-A865-F1473E7589FE}"
EndProject
Project("{FAE04EC0-301F-11D3-BF4B-00C04F79EFBC}") = "AboriginalHeroes.Data", "AboriginalHeroes.Data\AboriginalHeroes.Data.csproj", "{6E356E83-CD70-40CB-A10A-5B24824F9C14}"
EndProject
Project("{FAE04EC0-301F-11D3-BF4B-00C04F79EFBC}") = "AboriginalHeroes.Entities", "AboriginalHeroes.Entities\AboriginalHeroes.Entities.csproj", "{A73C875D-CAFF-44BF-8151-B4DC6FB13047}"
EndProject
Project("{FAE04EC0-301F-11D3-BF4B-00C04F79EFBC}") = "AboriginalHeroes.DataTests", "AboriginalHeroes.DataTests\AboriginalHeroes.DataTests.csproj", "{740C0C90-E301-47DC-A232-AFC813BFCBF7}"
EndProject
Global
	GlobalSection(SolutionConfigurationPlatforms) = preSolution
		Debug|Any CPU = Debug|Any CPU
		Debug|ARM = Debug|ARM
		Debug|x64 = Debug|x64
		Debug|x86 = Debug|x86
		Release|Any CPU = Release|Any CPU
		Release|ARM = Release|ARM
		Release|x64 = Release|x64
		Release|x86 = Release|x86
	EndGlobalSection
	GlobalSection(ProjectConfigurationPlatforms) = postSolution
		{6E79DB61-932E-4A94-A865-F1473E7589FE}.Debug|Any CPU.ActiveCfg = Debug|Any CPU
		{6E79DB61-932E-4A94-A865-F1473E7589FE}.Debug|Any CPU.Build.0 = Debug|Any CPU
		{6E79DB61-932E-4A94-A865-F1473E7589FE}.Debug|Any CPU.Deploy.0 = Debug|Any CPU
		{6E79DB61-932E-4A94-A865-F1473E7589FE}.Debug|ARM.ActiveCfg = Debug|ARM
		{6E79DB61-932E-4A94-A865-F1473E7589FE}.Debug|ARM.Build.0 = Debug|ARM
		{6E79DB61-932E-4A94-A865-F1473E7589FE}.Debug|ARM.Deploy.0 = Debug|ARM
		{6E79DB61-932E-4A94-A865-F1473E7589FE}.Debug|x64.ActiveCfg = Debug|x64
		{6E79DB61-932E-4A94-A865-F1473E7589FE}.Debug|x64.Build.0 = Debug|x64
		{6E79DB61-932E-4A94-A865-F1473E7589FE}.Debug|x64.Deploy.0 = Debug|x64
		{6E79DB61-932E-4A94-A865-F1473E7589FE}.Debug|x86.ActiveCfg = Debug|x86
		{6E79DB61-932E-4A94-A865-F1473E7589FE}.Debug|x86.Build.0 = Debug|x86
		{6E79DB61-932E-4A94-A865-F1473E7589FE}.Debug|x86.Deploy.0 = Debug|x86
		{6E79DB61-932E-4A94-A865-F1473E7589FE}.Release|Any CPU.ActiveCfg = Release|Any CPU
		{6E79DB61-932E-4A94-A865-F1473E7589FE}.Release|Any CPU.Build.0 = Release|Any CPU
		{6E79DB61-932E-4A94-A865-F1473E7589FE}.Release|Any CPU.Deploy.0 = Release|Any CPU
		{6E79DB61-932E-4A94-A865-F1473E7589FE}.Release|ARM.ActiveCfg = Release|ARM
		{6E79DB61-932E-4A94-A865-F1473E7589FE}.Release|ARM.Build.0 = Release|ARM
		{6E79DB61-932E-4A94-A865-F1473E7589FE}.Release|ARM.Deploy.0 = Release|ARM
		{6E79DB61-932E-4A94-A865-F1473E7589FE}.Release|x64.ActiveCfg = Release|x64
		{6E79DB61-932E-4A94-A865-F1473E7589FE}.Release|x64.Build.0 = Release|x64
		{6E79DB61-932E-4A94-A865-F1473E7589FE}.Release|x64.Deploy.0 = Release|x64
		{6E79DB61-932E-4A94-A865-F1473E7589FE}.Release|x86.ActiveCfg = Release|x86
		{6E79DB61-932E-4A94-A865-F1473E7589FE}.Release|x86.Build.0 = Release|x86
		{6E79DB61-932E-4A94-A865-F1473E7589FE}.Release|x86.Deploy.0 = Release|x86
		{6E356E83-CD70-40CB-A10A-5B24824F9C14}.Debug|Any CPU.ActiveCfg = Debug|Any CPU
		{6E356E83-CD70-40CB-A10A-5B24824F9C14}.Debug|Any CPU.Build.0 = Debug|Any CPU
		{6E356E83-CD70-40CB-A10A-5B24824F9C14}.Debug|ARM.ActiveCfg = Debug|ARM
		{6E356E83-CD70-40CB-A10A-5B24824F9C14}.Debug|ARM.Build.0 = Debug|ARM
		{6E356E83-CD70-40CB-A10A-5B24824F9C14}.Debug|x64.ActiveCfg = Debug|x64
		{6E356E83-CD70-40CB-A10A-5B24824F9C14}.Debug|x64.Build.0 = Debug|x64
		{6E356E83-CD70-40CB-A10A-5B24824F9C14}.Debug|x86.ActiveCfg = Debug|x86
		{6E356E83-CD70-40CB-A10A-5B24824F9C14}.Debug|x86.Build.0 = Debug|x86
		{6E356E83-CD70-40CB-A10A-5B24824F9C14}.Release|Any CPU.ActiveCfg = Release|Any CPU
		{6E356E83-CD70-40CB-A10A-5B24824F9C14}.Release|Any CPU.Build.0 = Release|Any CPU
		{6E356E83-CD70-40CB-A10A-5B24824F9C14}.Release|ARM.ActiveCfg = Release|ARM
		{6E356E83-CD70-40CB-A10A-5B24824F9C14}.Release|ARM.Build.0 = Release|ARM
		{6E356E83-CD70-40CB-A10A-5B24824F9C14}.Release|x64.ActiveCfg = Release|x64
		{6E356E83-CD70-40CB-A10A-5B24824F9C14}.Release|x64.Build.0 = Release|x64
		{6E356E83-CD70-40CB-A10A-5B24824F9C14}.Release|x86.ActiveCfg = Release|x86
		{6E356E83-CD70-40CB-A10A-5B24824F9C14}.Release|x86.Build.0 = Release|x86
		{A73C875D-CAFF-44BF-8151-B4DC6FB13047}.Debug|Any CPU.ActiveCfg = Debug|Any CPU
		{A73C875D-CAFF-44BF-8151-B4DC6FB13047}.Debug|Any CPU.Build.0 = Debug|Any CPU
		{A73C875D-CAFF-44BF-8151-B4DC6FB13047}.Debug|ARM.ActiveCfg = Debug|ARM
		{A73C875D-CAFF-44BF-8151-B4DC6FB13047}.Debug|ARM.Build.0 = Debug|ARM
		{A73C875D-CAFF-44BF-8151-B4DC6FB13047}.Debug|x64.ActiveCfg = Debug|x64
		{A73C875D-CAFF-44BF-8151-B4DC6FB13047}.Debug|x64.Build.0 = Debug|x64
		{A73C875D-CAFF-44BF-8151-B4DC6FB13047}.Debug|x86.ActiveCfg = Debug|x86
		{A73C875D-CAFF-44BF-8151-B4DC6FB13047}.Debug|x86.Build.0 = Debug|x86
		{A73C875D-CAFF-44BF-8151-B4DC6FB13047}.Release|Any CPU.ActiveCfg = Release|Any CPU
		{A73C875D-CAFF-44BF-8151-B4DC6FB13047}.Release|Any CPU.Build.0 = Release|Any CPU
		{A73C875D-CAFF-44BF-8151-B4DC6FB13047}.Release|ARM.ActiveCfg = Release|ARM
		{A73C875D-CAFF-44BF-8151-B4DC6FB13047}.Release|ARM.Build.0 = Release|ARM
		{A73C875D-CAFF-44BF-8151-B4DC6FB13047}.Release|x64.ActiveCfg = Release|x64
		{A73C875D-CAFF-44BF-8151-B4DC6FB13047}.Release|x64.Build.0 = Release|x64
		{A73C875D-CAFF-44BF-8151-B4DC6FB13047}.Release|x86.ActiveCfg = Release|x86
		{A73C875D-CAFF-44BF-8151-B4DC6FB13047}.Release|x86.Build.0 = Release|x86
		{740C0C90-E301-47DC-A232-AFC813BFCBF7}.Debug|Any CPU.ActiveCfg = Debug|Any CPU
		{740C0C90-E301-47DC-A232-AFC813BFCBF7}.Debug|Any CPU.Build.0 = Debug|Any CPU
		{740C0C90-E301-47DC-A232-AFC813BFCBF7}.Debug|Any CPU.Deploy.0 = Debug|Any CPU
		{740C0C90-E301-47DC-A232-AFC813BFCBF7}.Debug|ARM.ActiveCfg = Debug|ARM
		{740C0C90-E301-47DC-A232-AFC813BFCBF7}.Debug|ARM.Build.0 = Debug|ARM
		{740C0C90-E301-47DC-A232-AFC813BFCBF7}.Debug|ARM.Deploy.0 = Debug|ARM
		{740C0C90-E301-47DC-A232-AFC813BFCBF7}.Debug|x64.ActiveCfg = Debug|x64
		{740C0C90-E301-47DC-A232-AFC813BFCBF7}.Debug|x64.Build.0 = Debug|x64
		{740C0C90-E301-47DC-A232-AFC813BFCBF7}.Debug|x64.Deploy.0 = Debug|x64
		{740C0C90-E301-47DC-A232-AFC813BFCBF7}.Debug|x86.ActiveCfg = Debug|x86
		{740C0C90-E301-47DC-A232-AFC813BFCBF7}.Debug|x86.Build.0 = Debug|x86
		{740C0C90-E301-47DC-A232-AFC813BFCBF7}.Debug|x86.Deploy.0 = Debug|x86
		{740C0C90-E301-47DC-A232-AFC813BFCBF7}.Release|Any CPU.ActiveCfg = Release|Any CPU
		{740C0C90-E301-47DC-A232-AFC813BFCBF7}.Release|Any CPU.Build.0 = Release|Any CPU
		{740C0C90-E301-47DC-A232-AFC813BFCBF7}.Release|Any CPU.Deploy.0 = Release|Any CPU
		{740C0C90-E301-47DC-A232-AFC813BFCBF7}.Release|ARM.ActiveCfg = Release|ARM
		{740C0C90-E301-47DC-A232-AFC813BFCBF7}.Release|ARM.Build.0 = Release|ARM
		{740C0C90-E301-47DC-A232-AFC813BFCBF7}.Release|ARM.Deploy.0 = Release|ARM
		{740C0C90-E301-47DC-A232-AFC813BFCBF7}.Release|x64.ActiveCfg = Release|x64
		{740C0C90-E301-47DC-A232-AFC813BFCBF7}.Release|x64.Build.0 = Release|x64
		{740C0C90-E301-47DC-A232-AFC813BFCBF7}.Release|x64.Deploy.0 = Release|x64
		{740C0C90-E301-47DC-A232-AFC813BFCBF7}.Release|x86.ActiveCfg = Release|x86
		{740C0C90-E301-47DC-A232-AFC813BFCBF7}.Release|x86.Build.0 = Release|x86
		{740C0C90-E301-47DC-A232-AFC813BFCBF7}.Release|x86.Deploy.0 = Release|x86
	EndGlobalSection
	GlobalSection(SolutionProperties) = preSolution
		HideSolutionNode = FALSE
	EndGlobalSection
EndGlobal
